version = 1
revision = 2
requires-python = ">=3.12"
resolution-markers = [
    "python_full_version >= '3.13'",
    "python_full_version < '3.13'",
]

[[package]]
name = "colorama"
version = "0.4.6"
source = { registry = "https://pypi.org/simple" }
sdist = { url = "https://files.pythonhosted.org/packages/d8/53/6f443c9a4a8358a93a6792e2acffb9d9d5cb0a5cfd8802644b7b1c9a02e4/colorama-0.4.6.tar.gz", hash = "sha256:08695f5cb7ed6e0531a20572697297273c47b8cae5a63ffc6d6ed5c201be6e44", size = 27697, upload-time = "2022-10-25T02:36:22.414Z" }
wheels = [
    { url = "https://files.pythonhosted.org/packages/d1/d6/3965ed04c63042e047cb6a3e6ed1a63a35087b6a609aa3a15ed8ac56c221/colorama-0.4.6-py2.py3-none-any.whl", hash = "sha256:4f1d9991f5acc0ca119f9d443620b77f9d6b33703e51011c16baf57afb285fc6", size = 25335, upload-time = "2022-10-25T02:36:20.889Z" },
]

[[package]]
name = "iniconfig"
version = "2.1.0"
source = { registry = "https://pypi.org/simple" }
sdist = { url = "https://files.pythonhosted.org/packages/f2/97/ebf4da567aa6827c909642694d71c9fcf53e5b504f2d96afea02718862f3/iniconfig-2.1.0.tar.gz", hash = "sha256:3abbd2e30b36733fee78f9c7f7308f2d0050e88f0087fd25c2645f63c773e1c7", size = 4793, upload-time = "2025-03-19T20:09:59.721Z" }
wheels = [
    { url = "https://files.pythonhosted.org/packages/2c/e1/e6716421ea10d38022b952c159d5161ca1193197fb744506875fbb87ea7b/iniconfig-2.1.0-py3-none-any.whl", hash = "sha256:9deba5723312380e77435581c6bf4935c94cbfab9b1ed33ef8d238ea168eb760", size = 6050, upload-time = "2025-03-19T20:10:01.071Z" },
]

[[package]]
name = "jax"
version = "0.4.24"
source = { registry = "https://pypi.org/simple" }
dependencies = [
    { name = "ml-dtypes", version = "0.4.1", source = { registry = "https://pypi.org/simple" }, marker = "python_full_version >= '3.13'" },
    { name = "ml-dtypes", version = "0.5.1", source = { registry = "https://pypi.org/simple" }, marker = "python_full_version < '3.13'" },
    { name = "numpy" },
    { name = "opt-einsum" },
    { name = "scipy" },
]
sdist = { url = "https://files.pythonhosted.org/packages/4b/e4/bb8c304e1fe9abddf91e8735e42cdb9a43c30ce53f3867c10786d0eef845/jax-0.4.24.tar.gz", hash = "sha256:4a6b6fd026ddd22653c7fa2fac1904c3de2dbe845b61ede08af9a5cc709662ae", size = 1519335, upload-time = "2024-02-07T00:22:50.29Z" }
wheels = [
    { url = "https://files.pythonhosted.org/packages/35/c1/51a51ea646864ef8b4bd68632162ed1b4495c580b9bfa72fe49168221d69/jax-0.4.24-py3-none-any.whl", hash = "sha256:4ff1cde9585c95d00b397e20d53680d13d951df7248ec7136d13b4e2000348b6", size = 1789928, upload-time = "2024-02-06T23:17:32.126Z" },
]

[package.optional-dependencies]
cuda12 = [
    { name = "jax-cuda12-plugin" },
    { name = "jaxlib" },
    { name = "nvidia-cublas-cu12" },
    { name = "nvidia-cuda-cupti-cu12" },
    { name = "nvidia-cuda-nvcc-cu12" },
    { name = "nvidia-cuda-runtime-cu12" },
    { name = "nvidia-cudnn-cu12" },
    { name = "nvidia-cufft-cu12" },
    { name = "nvidia-cusolver-cu12" },
    { name = "nvidia-cusparse-cu12" },
    { name = "nvidia-nccl-cu12" },
    { name = "nvidia-nvjitlink-cu12" },
]

[[package]]
name = "jax-cuda12-pjrt"
version = "0.4.24"
source = { registry = "https://pypi.org/simple" }
wheels = [
    { url = "https://files.pythonhosted.org/packages/55/b6/b4279c249b53f2c8f5720fac210a8a9ae817a3815d034e46213e7737fdb6/jax_cuda12_pjrt-0.4.24-py3-none-manylinux2014_aarch64.whl", hash = "sha256:c8f5f86989fc5012108cfa65e9e676ab2a1d6ebd82cebf11aaacc20ea1054455", size = 90264571, upload-time = "2024-02-07T00:18:41.198Z" },
    { url = "https://files.pythonhosted.org/packages/0c/bc/27cb8cc41e66da4405a504e6dfaeacba15b4f4cd91078a502fe4e99a978e/jax_cuda12_pjrt-0.4.24-py3-none-manylinux2014_x86_64.whl", hash = "sha256:7116e71dcf1faa6601e5202d91d29ea16ea4862a9860c5de97fcd4001f3dd8f7", size = 90666449, upload-time = "2024-02-07T00:18:53.128Z" },
]

[[package]]
name = "jax-cuda12-plugin"
version = "0.4.24"
source = { registry = "https://pypi.org/simple" }
dependencies = [
    { name = "jax-cuda12-pjrt" },
]
wheels = [
    { url = "https://files.pythonhosted.org/packages/18/dc/e96d26477ffc15507ef6fb2a755c372bc39b9c9598035df0b7ee45728f6e/jax_cuda12_plugin-0.4.24-cp312-cp312-manylinux2014_aarch64.whl", hash = "sha256:cbd712daf97c9d35df528d29f9d522c4664b342dbb7505fd6f70add7dd1ba5c5", size = 12430647, upload-time = "2024-02-07T00:19:16.645Z" },
    { url = "https://files.pythonhosted.org/packages/b7/4a/674eb42d4161b5b8993bed553d09112ead63c41ef068dfb106b3e67ca7af/jax_cuda12_plugin-0.4.24-cp312-cp312-manylinux2014_x86_64.whl", hash = "sha256:8292d45be6b8538640bce259d1a3e6b8435356102eabc8ea8d454a5614d68f25", size = 12364631, upload-time = "2024-02-07T00:19:19.915Z" },
]

[[package]]
name = "jaxlib"
version = "0.4.24"
source = { registry = "https://pypi.org/simple" }
dependencies = [
    { name = "ml-dtypes", version = "0.4.1", source = { registry = "https://pypi.org/simple" }, marker = "python_full_version >= '3.13'" },
    { name = "ml-dtypes", version = "0.5.1", source = { registry = "https://pypi.org/simple" }, marker = "python_full_version < '3.13'" },
    { name = "numpy" },
    { name = "scipy" },
]
wheels = [
    { url = "https://files.pythonhosted.org/packages/c5/e8/ff0aaeedf8694f973d3e244b9254b5bc5915c46048fc4c279e2b84c5b22a/jaxlib-0.4.24-cp312-cp312-macosx_10_14_x86_64.whl", hash = "sha256:f7f8f0ff0afaa140fda4e69d54068c44bd3cea254c517c1582750c706d5436f1", size = 85485459, upload-time = "2024-02-07T00:21:25.155Z" },
    { url = "https://files.pythonhosted.org/packages/d1/ea/fb10401370a28e5d4a03b103e2d56b041eba6dd1abc72d4efb4461fb412c/jaxlib-0.4.24-cp312-cp312-macosx_11_0_arm64.whl", hash = "sha256:148c0ae421b29108ed7ae5b32d99dbb408202312d078657de9b5e5646132b4dd", size = 68556095, upload-time = "2024-02-07T00:21:36.455Z" },
    { url = "https://files.pythonhosted.org/packages/c1/44/8eca71ea625d0ce5a9010f4fc2ce5189721b27eb1d545ada54b17f4beae6/jaxlib-0.4.24-cp312-cp312-manylinux2014_aarch64.whl", hash = "sha256:8ebcbd903a85d5999f04df03e944fd2b93e802c69f313e081a4a5c1a49dac523", size = 69252413, upload-time = "2024-02-07T00:21:47.207Z" },
    { url = "https://files.pythonhosted.org/packages/ec/7d/a1518e3edcc7ae28ada0395b805a5ecf63ee6033f4ea175ab91c57bd62bf/jaxlib-0.4.24-cp312-cp312-manylinux2014_x86_64.whl", hash = "sha256:4e5ac656d6f73532e686720b58f2c947e8c8482679494578c31345a527e4081a", size = 80833001, upload-time = "2024-02-07T00:21:59.656Z" },
]

[[package]]
name = "jaxtyping"
version = "0.3.2"
source = { registry = "https://pypi.org/simple" }
dependencies = [
    { name = "wadler-lindig" },
]
sdist = { url = "https://files.pythonhosted.org/packages/88/a8/416bd7ea110ec6b68e8868b0f99c985c735adcf7badc491d3c343937260a/jaxtyping-0.3.2.tar.gz", hash = "sha256:f30483fac4b42e915db8ad2414a85c3b63284aa7d3c100b96b59f755cf4a86ad", size = 44989, upload-time = "2025-04-23T09:48:16.907Z" }
wheels = [
    { url = "https://files.pythonhosted.org/packages/c9/b9/281e10e2d967ea5e481683eaec99f55ac5a61085ee60551c36942ef32bef/jaxtyping-0.3.2-py3-none-any.whl", hash = "sha256:6a020fd276226ddb5ac4f5725323843dd65e3c7e85c64fd62431e5f738c74e04", size = 55409, upload-time = "2025-04-23T09:48:15.924Z" },
]

[[package]]
name = "ml-dtypes"
version = "0.4.1"
source = { registry = "https://pypi.org/simple" }
resolution-markers = [
    "python_full_version >= '3.13'",
]
dependencies = [
    { name = "numpy", marker = "python_full_version >= '3.13'" },
]
sdist = { url = "https://files.pythonhosted.org/packages/fd/15/76f86faa0902836cc133939732f7611ace68cf54148487a99c539c272dc8/ml_dtypes-0.4.1.tar.gz", hash = "sha256:fad5f2de464fd09127e49b7fd1252b9006fb43d2edc1ff112d390c324af5ca7a", size = 692594, upload-time = "2024-09-13T19:07:11.624Z" }
wheels = [
    { url = "https://files.pythonhosted.org/packages/ba/1a/99e924f12e4b62139fbac87419698c65f956d58de0dbfa7c028fa5b096aa/ml_dtypes-0.4.1-cp312-cp312-macosx_10_9_universal2.whl", hash = "sha256:827d3ca2097085cf0355f8fdf092b888890bb1b1455f52801a2d7756f056f54b", size = 405077, upload-time = "2024-09-13T19:06:57.538Z" },
    { url = "https://files.pythonhosted.org/packages/8f/8c/7b610bd500617854c8cc6ed7c8cfb9d48d6a5c21a1437a36a4b9bc8a3598/ml_dtypes-0.4.1-cp312-cp312-manylinux_2_17_aarch64.manylinux2014_aarch64.whl", hash = "sha256:772426b08a6172a891274d581ce58ea2789cc8abc1c002a27223f314aaf894e7", size = 2181554, upload-time = "2024-09-13T19:06:59.196Z" },
    { url = "https://files.pythonhosted.org/packages/c7/c6/f89620cecc0581dc1839e218c4315171312e46c62a62da6ace204bda91c0/ml_dtypes-0.4.1-cp312-cp312-manylinux_2_17_x86_64.manylinux2014_x86_64.whl", hash = "sha256:126e7d679b8676d1a958f2651949fbfa182832c3cd08020d8facd94e4114f3e9", size = 2160488, upload-time = "2024-09-13T19:07:03.131Z" },
    { url = "https://files.pythonhosted.org/packages/ae/11/a742d3c31b2cc8557a48efdde53427fd5f9caa2fa3c9c27d826e78a66f51/ml_dtypes-0.4.1-cp312-cp312-win_amd64.whl", hash = "sha256:df0fb650d5c582a9e72bb5bd96cfebb2cdb889d89daff621c8fbc60295eba66c", size = 127462, upload-time = "2024-09-13T19:07:04.916Z" },
]

[[package]]
name = "ml-dtypes"
version = "0.5.1"
source = { registry = "https://pypi.org/simple" }
resolution-markers = [
    "python_full_version < '3.13'",
]
dependencies = [
    { name = "numpy", marker = "python_full_version < '3.13'" },
]
sdist = { url = "https://files.pythonhosted.org/packages/32/49/6e67c334872d2c114df3020e579f3718c333198f8312290e09ec0216703a/ml_dtypes-0.5.1.tar.gz", hash = "sha256:ac5b58559bb84a95848ed6984eb8013249f90b6bab62aa5acbad876e256002c9", size = 698772, upload-time = "2025-01-07T03:34:55.613Z" }
wheels = [
    { url = "https://files.pythonhosted.org/packages/47/56/1bb21218e1e692506c220ffabd456af9733fba7aa1b14f73899979f4cc20/ml_dtypes-0.5.1-cp312-cp312-macosx_10_9_universal2.whl", hash = "sha256:6f462f5eca22fb66d7ff9c4744a3db4463af06c49816c4b6ac89b16bfcdc592e", size = 670372, upload-time = "2025-01-07T03:34:15.258Z" },
    { url = "https://files.pythonhosted.org/packages/20/95/d8bd96a3b60e00bf31bd78ca4bdd2d6bbaf5acb09b42844432d719d34061/ml_dtypes-0.5.1-cp312-cp312-manylinux_2_17_aarch64.manylinux2014_aarch64.whl", hash = "sha256:6f76232163b5b9c34291b54621ee60417601e2e4802a188a0ea7157cd9b323f4", size = 4635946, upload-time = "2025-01-07T03:34:20.412Z" },
    { url = "https://files.pythonhosted.org/packages/08/57/5d58fad4124192b1be42f68bd0c0ddaa26e44a730ff8c9337adade2f5632/ml_dtypes-0.5.1-cp312-cp312-manylinux_2_17_x86_64.manylinux2014_x86_64.whl", hash = "sha256:ad4953c5eb9c25a56d11a913c2011d7e580a435ef5145f804d98efa14477d390", size = 4694804, upload-time = "2025-01-07T03:34:23.608Z" },
    { url = "https://files.pythonhosted.org/packages/38/bc/c4260e4a6c6bf684d0313308de1c860467275221d5e7daf69b3fcddfdd0b/ml_dtypes-0.5.1-cp312-cp312-win_amd64.whl", hash = "sha256:9626d0bca1fb387d5791ca36bacbba298c5ef554747b7ebeafefb4564fc83566", size = 210853, upload-time = "2025-01-07T03:34:26.027Z" },
    { url = "https://files.pythonhosted.org/packages/0f/92/bb6a3d18e16fddd18ce6d5f480e1919b33338c70e18cba831c6ae59812ee/ml_dtypes-0.5.1-cp313-cp313-macosx_10_13_universal2.whl", hash = "sha256:12651420130ee7cc13059fc56dac6ad300c3af3848b802d475148c9defd27c23", size = 667696, upload-time = "2025-01-07T03:34:27.526Z" },
    { url = "https://files.pythonhosted.org/packages/6d/29/cfc89d842767e9a51146043b0fa18332c2b38f8831447e6cb1160e3c6102/ml_dtypes-0.5.1-cp313-cp313-manylinux_2_17_aarch64.manylinux2014_aarch64.whl", hash = "sha256:c9945669d3dadf8acb40ec2e57d38c985d8c285ea73af57fc5b09872c516106d", size = 4638365, upload-time = "2025-01-07T03:34:30.43Z" },
    { url = "https://files.pythonhosted.org/packages/be/26/adc36e3ea09603d9f6d114894e1c1b7b8e8a9ef6d0b031cc270c6624a37c/ml_dtypes-0.5.1-cp313-cp313-manylinux_2_17_x86_64.manylinux2014_x86_64.whl", hash = "sha256:bf9975bda82a99dc935f2ae4c83846d86df8fd6ba179614acac8e686910851da", size = 4702722, upload-time = "2025-01-07T03:34:33.813Z" },
    { url = "https://files.pythonhosted.org/packages/da/8a/a2b9375c94077e5a488a624a195621407846f504068ce22ccf805c674156/ml_dtypes-0.5.1-cp313-cp313-win_amd64.whl", hash = "sha256:fd918d4e6a4e0c110e2e05be7a7814d10dc1b95872accbf6512b80a109b71ae1", size = 210850, upload-time = "2025-01-07T03:34:36.897Z" },
    { url = "https://files.pythonhosted.org/packages/52/38/703169100fdde27957f061d4d0ea3e00525775a09acaccf7e655d9609d55/ml_dtypes-0.5.1-cp313-cp313t-macosx_10_13_universal2.whl", hash = "sha256:05f23447a1c20ddf4dc7c2c661aa9ed93fcb2658f1017c204d1e758714dc28a8", size = 693043, upload-time = "2025-01-07T03:34:38.457Z" },
    { url = "https://files.pythonhosted.org/packages/28/ff/4e234c9c23e0d456f5da5a326c103bf890c746d93351524d987e41f438b3/ml_dtypes-0.5.1-cp313-cp313t-manylinux_2_17_aarch64.manylinux2014_aarch64.whl", hash = "sha256:1b7fbe5571fdf28fd3aaab3ef4aafc847de9ebf263be959958c1ca58ec8eadf5", size = 4903946, upload-time = "2025-01-07T03:34:40.236Z" },
    { url = "https://files.pythonhosted.org/packages/b7/45/c1a1ccfdd02bc4173ca0f4a2d327683a27df85797b885eb1da1ca325b85c/ml_dtypes-0.5.1-cp313-cp313t-manylinux_2_17_x86_64.manylinux2014_x86_64.whl", hash = "sha256:d13755f8e8445b3870114e5b6240facaa7cb0c3361e54beba3e07fa912a6e12b", size = 5052731, upload-time = "2025-01-07T03:34:45.308Z" },
]

[[package]]
name = "numpy"
version = "1.26.4"
source = { registry = "https://pypi.org/simple" }
sdist = { url = "https://files.pythonhosted.org/packages/65/6e/09db70a523a96d25e115e71cc56a6f9031e7b8cd166c1ac8438307c14058/numpy-1.26.4.tar.gz", hash = "sha256:2a02aba9ed12e4ac4eb3ea9421c420301a0c6460d9830d74a9df87efa4912010", size = 15786129, upload-time = "2024-02-06T00:26:44.495Z" }
wheels = [
    { url = "https://files.pythonhosted.org/packages/95/12/8f2020a8e8b8383ac0177dc9570aad031a3beb12e38847f7129bacd96228/numpy-1.26.4-cp312-cp312-macosx_10_9_x86_64.whl", hash = "sha256:b3ce300f3644fb06443ee2222c2201dd3a89ea6040541412b8fa189341847218", size = 20335901, upload-time = "2024-02-05T23:55:32.801Z" },
    { url = "https://files.pythonhosted.org/packages/75/5b/ca6c8bd14007e5ca171c7c03102d17b4f4e0ceb53957e8c44343a9546dcc/numpy-1.26.4-cp312-cp312-macosx_11_0_arm64.whl", hash = "sha256:03a8c78d01d9781b28a6989f6fa1bb2c4f2d51201cf99d3dd875df6fbd96b23b", size = 13685868, upload-time = "2024-02-05T23:55:56.28Z" },
    { url = "https://files.pythonhosted.org/packages/79/f8/97f10e6755e2a7d027ca783f63044d5b1bc1ae7acb12afe6a9b4286eac17/numpy-1.26.4-cp312-cp312-manylinux_2_17_aarch64.manylinux2014_aarch64.whl", hash = "sha256:9fad7dcb1aac3c7f0584a5a8133e3a43eeb2fe127f47e3632d43d677c66c102b", size = 13925109, upload-time = "2024-02-05T23:56:20.368Z" },
    { url = "https://files.pythonhosted.org/packages/0f/50/de23fde84e45f5c4fda2488c759b69990fd4512387a8632860f3ac9cd225/numpy-1.26.4-cp312-cp312-manylinux_2_17_x86_64.manylinux2014_x86_64.whl", hash = "sha256:675d61ffbfa78604709862923189bad94014bef562cc35cf61d3a07bba02a7ed", size = 17950613, upload-time = "2024-02-05T23:56:56.054Z" },
    { url = "https://files.pythonhosted.org/packages/4c/0c/9c603826b6465e82591e05ca230dfc13376da512b25ccd0894709b054ed0/numpy-1.26.4-cp312-cp312-musllinux_1_1_aarch64.whl", hash = "sha256:ab47dbe5cc8210f55aa58e4805fe224dac469cde56b9f731a4c098b91917159a", size = 13572172, upload-time = "2024-02-05T23:57:21.56Z" },
    { url = "https://files.pythonhosted.org/packages/76/8c/2ba3902e1a0fc1c74962ea9bb33a534bb05984ad7ff9515bf8d07527cadd/numpy-1.26.4-cp312-cp312-musllinux_1_1_x86_64.whl", hash = "sha256:1dda2e7b4ec9dd512f84935c5f126c8bd8b9f2fc001e9f54af255e8c5f16b0e0", size = 17786643, upload-time = "2024-02-05T23:57:56.585Z" },
    { url = "https://files.pythonhosted.org/packages/28/4a/46d9e65106879492374999e76eb85f87b15328e06bd1550668f79f7b18c6/numpy-1.26.4-cp312-cp312-win32.whl", hash = "sha256:50193e430acfc1346175fcbdaa28ffec49947a06918b7b92130744e81e640110", size = 5677803, upload-time = "2024-02-05T23:58:08.963Z" },
    { url = "https://files.pythonhosted.org/packages/16/2e/86f24451c2d530c88daf997cb8d6ac622c1d40d19f5a031ed68a4b73a374/numpy-1.26.4-cp312-cp312-win_amd64.whl", hash = "sha256:08beddf13648eb95f8d867350f6a018a4be2e5ad54c8d8caed89ebca558b2818", size = 15517754, upload-time = "2024-02-05T23:58:36.364Z" },
]

[[package]]
name = "nvidia-cublas-cu12"
version = "12.9.1.4"
source = { registry = "https://pypi.org/simple" }
wheels = [
    { url = "https://files.pythonhosted.org/packages/82/6c/90d3f532f608a03a13c1d6c16c266ffa3828e8011b1549d3b61db2ad59f5/nvidia_cublas_cu12-12.9.1.4-py3-none-manylinux_2_27_aarch64.whl", hash = "sha256:7a950dae01add3b415a5a5cdc4ec818fb5858263e9cca59004bb99fdbbd3a5d6", size = 575006342, upload-time = "2025-06-05T20:04:16.902Z" },
    { url = "https://files.pythonhosted.org/packages/77/3c/aa88abe01f3be3d1f8f787d1d33dc83e76fec05945f9a28fbb41cfb99cd5/nvidia_cublas_cu12-12.9.1.4-py3-none-manylinux_2_27_x86_64.whl", hash = "sha256:453611eb21a7c1f2c2156ed9f3a45b691deda0440ec550860290dc901af5b4c2", size = 581242350, upload-time = "2025-06-05T20:04:51.979Z" },
    { url = "https://files.pythonhosted.org/packages/45/a1/a17fade6567c57452cfc8f967a40d1035bb9301db52f27808167fbb2be2f/nvidia_cublas_cu12-12.9.1.4-py3-none-win_amd64.whl", hash = "sha256:1e5fee10662e6e52bd71dec533fbbd4971bb70a5f24f3bc3793e5c2e9dc640bf", size = 553153899, upload-time = "2025-06-05T20:13:35.556Z" },
]

[[package]]
name = "nvidia-cuda-cupti-cu12"
version = "12.9.79"
source = { registry = "https://pypi.org/simple" }
wheels = [
    { url = "https://files.pythonhosted.org/packages/b4/78/351b5c8cdbd9a6b4fb0d6ee73fb176dcdc1b6b6ad47c2ffff5ae8ca4a1f7/nvidia_cuda_cupti_cu12-12.9.79-py3-none-manylinux_2_25_aarch64.whl", hash = "sha256:791853b030602c6a11d08b5578edfb957cadea06e9d3b26adbf8d036135a4afe", size = 10077166, upload-time = "2025-06-05T20:01:01.385Z" },
    { url = "https://files.pythonhosted.org/packages/c1/2e/b84e32197e33f39907b455b83395a017e697c07a449a2b15fd07fc1c9981/nvidia_cuda_cupti_cu12-12.9.79-py3-none-manylinux_2_25_x86_64.whl", hash = "sha256:096bcf334f13e1984ba36685ad4c1d6347db214de03dbb6eebb237b41d9d934f", size = 10814997, upload-time = "2025-06-05T20:01:10.168Z" },
    { url = "https://files.pythonhosted.org/packages/3b/b4/298983ab1a83de500f77d0add86d16d63b19d1a82c59f8eaf04f90445703/nvidia_cuda_cupti_cu12-12.9.79-py3-none-win_amd64.whl", hash = "sha256:1848a9380067560d5bee10ed240eecc22991713e672c0515f9c3d9396adf93c8", size = 7730496, upload-time = "2025-06-05T20:11:26.444Z" },
]

[[package]]
name = "nvidia-cuda-nvcc-cu12"
version = "12.9.86"
source = { registry = "https://pypi.org/simple" }
wheels = [
    { url = "https://files.pythonhosted.org/packages/25/48/b54a06168a2190572a312bfe4ce443687773eb61367ced31e064953dd2f7/nvidia_cuda_nvcc_cu12-12.9.86-py3-none-manylinux2010_x86_64.manylinux_2_12_x86_64.whl", hash = "sha256:5d6a0d32fdc7ea39917c20065614ae93add6f577d840233237ff08e9a38f58f0", size = 40546229, upload-time = "2025-06-05T20:01:53.357Z" },
    { url = "https://files.pythonhosted.org/packages/d6/5c/8cc072436787104bbbcbde1f76ab4a0d89e68f7cebc758dd2ad7913a43d0/nvidia_cuda_nvcc_cu12-12.9.86-py3-none-manylinux2014_aarch64.manylinux_2_17_aarch64.whl", hash = "sha256:44e1eca4d08926193a558d2434b1bf83d57b4d5743e0c431c0c83d51da1df62b", size = 39411138, upload-time = "2025-06-05T20:01:43.182Z" },
    { url = "https://files.pythonhosted.org/packages/d2/9e/c71c53655a65d7531c89421c282359e2f626838762f1ce6180ea0bbebd29/nvidia_cuda_nvcc_cu12-12.9.86-py3-none-win_amd64.whl", hash = "sha256:8ed7f0b17dea662755395be029376db3b94fed5cbb17c2d35cc866c5b1b84099", size = 34669845, upload-time = "2025-06-05T20:11:56.308Z" },
]

[[package]]
name = "nvidia-cuda-runtime-cu12"
version = "12.9.79"
source = { registry = "https://pypi.org/simple" }
wheels = [
    { url = "https://files.pythonhosted.org/packages/bc/e0/0279bd94539fda525e0c8538db29b72a5a8495b0c12173113471d28bce78/nvidia_cuda_runtime_cu12-12.9.79-py3-none-manylinux2014_aarch64.manylinux_2_17_aarch64.whl", hash = "sha256:83469a846206f2a733db0c42e223589ab62fd2fabac4432d2f8802de4bded0a4", size = 3515012, upload-time = "2025-06-05T20:00:35.519Z" },
    { url = "https://files.pythonhosted.org/packages/bc/46/a92db19b8309581092a3add7e6fceb4c301a3fd233969856a8cbf042cd3c/nvidia_cuda_runtime_cu12-12.9.79-py3-none-manylinux2014_x86_64.manylinux_2_17_x86_64.whl", hash = "sha256:25bba2dfb01d48a9b59ca474a1ac43c6ebf7011f1b0b8cc44f54eb6ac48a96c3", size = 3493179, upload-time = "2025-06-05T20:00:53.735Z" },
    { url = "https://files.pythonhosted.org/packages/59/df/e7c3a360be4f7b93cee39271b792669baeb3846c58a4df6dfcf187a7ffab/nvidia_cuda_runtime_cu12-12.9.79-py3-none-win_amd64.whl", hash = "sha256:8e018af8fa02363876860388bd10ccb89eb9ab8fb0aa749aaf58430a9f7c4891", size = 3591604, upload-time = "2025-06-05T20:11:17.036Z" },
]

[[package]]
name = "nvidia-cudnn-cu12"
version = "9.10.2.21"
source = { registry = "https://pypi.org/simple" }
dependencies = [
    { name = "nvidia-cublas-cu12" },
]
wheels = [
    { url = "https://files.pythonhosted.org/packages/fa/41/e79269ce215c857c935fd86bcfe91a451a584dfc27f1e068f568b9ad1ab7/nvidia_cudnn_cu12-9.10.2.21-py3-none-manylinux_2_27_aarch64.whl", hash = "sha256:c9132cc3f8958447b4910a1720036d9eff5928cc3179b0a51fb6d167c6cc87d8", size = 705026878, upload-time = "2025-06-06T21:52:51.348Z" },
    { url = "https://files.pythonhosted.org/packages/ba/51/e123d997aa098c61d029f76663dedbfb9bc8dcf8c60cbd6adbe42f76d049/nvidia_cudnn_cu12-9.10.2.21-py3-none-manylinux_2_27_x86_64.whl", hash = "sha256:949452be657fa16687d0930933f032835951ef0892b37d2d53824d1a84dc97a8", size = 706758467, upload-time = "2025-06-06T21:54:08.597Z" },
    { url = "https://files.pythonhosted.org/packages/3d/90/0bd6e586701b3a890fd38aa71c387dab4883d619d6e5ad912ccbd05bfd67/nvidia_cudnn_cu12-9.10.2.21-py3-none-win_amd64.whl", hash = "sha256:c6288de7d63e6cf62988f0923f96dc339cea362decb1bf5b3141883392a7d65e", size = 692992268, upload-time = "2025-06-06T21:55:18.114Z" },
]

[[package]]
name = "nvidia-cufft-cu12"
version = "11.4.1.4"
source = { registry = "https://pypi.org/simple" }
dependencies = [
    { name = "nvidia-nvjitlink-cu12" },
]
wheels = [
    { url = "https://files.pythonhosted.org/packages/9b/2b/76445b0af890da61b501fde30650a1a4bd910607261b209cccb5235d3daa/nvidia_cufft_cu12-11.4.1.4-py3-none-manylinux2014_aarch64.manylinux_2_17_aarch64.whl", hash = "sha256:1a28c9b12260a1aa7a8fd12f5ebd82d027963d635ba82ff39a1acfa7c4c0fbcf", size = 200822453, upload-time = "2025-06-05T20:05:27.889Z" },
    { url = "https://files.pythonhosted.org/packages/95/f4/61e6996dd20481ee834f57a8e9dca28b1869366a135e0d42e2aa8493bdd4/nvidia_cufft_cu12-11.4.1.4-py3-none-manylinux2014_x86_64.manylinux_2_17_x86_64.whl", hash = "sha256:c67884f2a7d276b4b80eb56a79322a95df592ae5e765cf1243693365ccab4e28", size = 200877592, upload-time = "2025-06-05T20:05:45.862Z" },
    { url = "https://files.pythonhosted.org/packages/20/ee/29955203338515b940bd4f60ffdbc073428f25ef9bfbce44c9a066aedc5c/nvidia_cufft_cu12-11.4.1.4-py3-none-win_amd64.whl", hash = "sha256:8e5bfaac795e93f80611f807d42844e8e27e340e0cde270dcb6c65386d795b80", size = 200067309, upload-time = "2025-06-05T20:13:59.762Z" },
]

[[package]]
name = "nvidia-cusolver-cu12"
version = "11.7.5.82"
source = { registry = "https://pypi.org/simple" }
dependencies = [
    { name = "nvidia-cublas-cu12" },
    { name = "nvidia-cusparse-cu12" },
    { name = "nvidia-nvjitlink-cu12" },
]
wheels = [
    { url = "https://files.pythonhosted.org/packages/03/99/686ff9bf3a82a531c62b1a5c614476e8dfa24a9d89067aeedf3592ee4538/nvidia_cusolver_cu12-11.7.5.82-py3-none-manylinux_2_27_aarch64.whl", hash = "sha256:62efa83e4ace59a4c734d052bb72158e888aa7b770e1a5f601682f16fe5b4fd2", size = 337869834, upload-time = "2025-06-05T20:06:53.125Z" },
    { url = "https://files.pythonhosted.org/packages/33/40/79b0c64d44d6c166c0964ec1d803d067f4a145cca23e23925fd351d0e642/nvidia_cusolver_cu12-11.7.5.82-py3-none-manylinux_2_27_x86_64.whl", hash = "sha256:15da72d1340d29b5b3cf3fd100e3cd53421dde36002eda6ed93811af63c40d88", size = 338117415, upload-time = "2025-06-05T20:07:16.809Z" },
    { url = "https://files.pythonhosted.org/packages/32/5d/feb7f86b809f89b14193beffebe24cf2e4bf7af08372ab8cdd34d19a65a0/nvidia_cusolver_cu12-11.7.5.82-py3-none-win_amd64.whl", hash = "sha256:77666337237716783c6269a658dea310195cddbd80a5b2919b1ba8735cec8efd", size = 326215953, upload-time = "2025-06-05T20:14:41.76Z" },
]

[[package]]
name = "nvidia-cusparse-cu12"
version = "12.5.10.65"
source = { registry = "https://pypi.org/simple" }
dependencies = [
    { name = "nvidia-nvjitlink-cu12" },
]
wheels = [
    { url = "https://files.pythonhosted.org/packages/5e/6f/8710fbd17cdd1d0fc3fea7d36d5b65ce1933611c31e1861da330206b253a/nvidia_cusparse_cu12-12.5.10.65-py3-none-manylinux2014_aarch64.manylinux_2_17_aarch64.whl", hash = "sha256:221c73e7482dd93eda44e65ce567c031c07e2f93f6fa0ecd3ba876a195023e83", size = 366359408, upload-time = "2025-06-05T20:07:42.501Z" },
    { url = "https://files.pythonhosted.org/packages/12/46/b0fd4b04f86577921feb97d8e2cf028afe04f614d17fb5013de9282c9216/nvidia_cusparse_cu12-12.5.10.65-py3-none-manylinux2014_x86_64.manylinux_2_17_x86_64.whl", hash = "sha256:73060ce019ac064a057267c585bf1fd5a353734151f87472ff02b2c5c9984e78", size = 366465088, upload-time = "2025-06-05T20:08:20.413Z" },
    { url = "https://files.pythonhosted.org/packages/73/ef/063500c25670fbd1cbb0cd3eb7c8a061585b53adb4dd8bf3492bb49b0df3/nvidia_cusparse_cu12-12.5.10.65-py3-none-win_amd64.whl", hash = "sha256:9e487468a22a1eaf1fbd1d2035936a905feb79c4ce5c2f67626764ee4f90227c", size = 362504719, upload-time = "2025-06-05T20:15:17.947Z" },
]

[[package]]
name = "nvidia-nccl-cu12"
version = "2.27.3"
source = { registry = "https://pypi.org/simple" }
wheels = [
    { url = "https://files.pythonhosted.org/packages/4b/7b/8354b784cf73b0ba51e566b4baba3ddd44fe8288a3d39ef1e06cd5417226/nvidia_nccl_cu12-2.27.3-py3-none-manylinux2014_aarch64.manylinux_2_17_aarch64.whl", hash = "sha256:9ddf1a245abc36c550870f26d537a9b6087fb2e2e3d6e0ef03374c6fd19d984f", size = 322397768, upload-time = "2025-06-03T21:57:30.234Z" },
    { url = "https://files.pythonhosted.org/packages/5c/5b/4e4fff7bad39adf89f735f2bc87248c81db71205b62bcc0d5ca5b606b3c3/nvidia_nccl_cu12-2.27.3-py3-none-manylinux2014_x86_64.manylinux_2_17_x86_64.whl", hash = "sha256:adf27ccf4238253e0b826bce3ff5fa532d65fc42322c8bfdfaf28024c0fbe039", size = 322364134, upload-time = "2025-06-03T21:58:04.013Z" },
]

[[package]]
name = "nvidia-nvjitlink-cu12"
version = "12.9.86"
source = { registry = "https://pypi.org/simple" }
wheels = [
    { url = "https://files.pythonhosted.org/packages/46/0c/c75bbfb967457a0b7670b8ad267bfc4fffdf341c074e0a80db06c24ccfd4/nvidia_nvjitlink_cu12-12.9.86-py3-none-manylinux2010_x86_64.manylinux_2_12_x86_64.whl", hash = "sha256:e3f1171dbdc83c5932a45f0f4c99180a70de9bd2718c1ab77d14104f6d7147f9", size = 39748338, upload-time = "2025-06-05T20:10:25.613Z" },
    { url = "https://files.pythonhosted.org/packages/97/bc/2dcba8e70cf3115b400fef54f213bcd6715a3195eba000f8330f11e40c45/nvidia_nvjitlink_cu12-12.9.86-py3-none-manylinux2014_aarch64.manylinux_2_17_aarch64.whl", hash = "sha256:994a05ef08ef4b0b299829cde613a424382aff7efb08a7172c1fa616cc3af2ca", size = 39514880, upload-time = "2025-06-05T20:10:04.89Z" },
    { url = "https://files.pythonhosted.org/packages/dd/7e/2eecb277d8a98184d881fb98a738363fd4f14577a4d2d7f8264266e82623/nvidia_nvjitlink_cu12-12.9.86-py3-none-win_amd64.whl", hash = "sha256:cc6fcec260ca843c10e34c936921a1c426b351753587fdd638e8cff7b16bb9db", size = 35584936, upload-time = "2025-06-05T20:16:08.525Z" },
]

[[package]]
name = "opt-einsum"
version = "3.4.0"
source = { registry = "https://pypi.org/simple" }
sdist = { url = "https://files.pythonhosted.org/packages/8c/b9/2ac072041e899a52f20cf9510850ff58295003aa75525e58343591b0cbfb/opt_einsum-3.4.0.tar.gz", hash = "sha256:96ca72f1b886d148241348783498194c577fa30a8faac108586b14f1ba4473ac", size = 63004, upload-time = "2024-09-26T14:33:24.483Z" }
wheels = [
    { url = "https://files.pythonhosted.org/packages/23/cd/066e86230ae37ed0be70aae89aabf03ca8d9f39c8aea0dec8029455b5540/opt_einsum-3.4.0-py3-none-any.whl", hash = "sha256:69bb92469f86a1565195ece4ac0323943e83477171b91d24c35afe028a90d7cd", size = 71932, upload-time = "2024-09-26T14:33:23.039Z" },
]

[[package]]
name = "packaging"
version = "25.0"
source = { registry = "https://pypi.org/simple" }
sdist = { url = "https://files.pythonhosted.org/packages/a1/d4/1fc4078c65507b51b96ca8f8c3ba19e6a61c8253c72794544580a7b6c24d/packaging-25.0.tar.gz", hash = "sha256:d443872c98d677bf60f6a1f2f8c1cb748e8fe762d2bf9d3148b5599295b0fc4f", size = 165727, upload-time = "2025-04-19T11:48:59.673Z" }
wheels = [
    { url = "https://files.pythonhosted.org/packages/20/12/38679034af332785aac8774540895e234f4d07f7545804097de4b666afd8/packaging-25.0-py3-none-any.whl", hash = "sha256:29572ef2b1f17581046b3a2227d5c611fb25ec70ca1ba8554b24b0e69331a484", size = 66469, upload-time = "2025-04-19T11:48:57.875Z" },
]

[[package]]
name = "pluggy"
version = "1.6.0"
source = { registry = "https://pypi.org/simple" }
sdist = { url = "https://files.pythonhosted.org/packages/f9/e2/3e91f31a7d2b083fe6ef3fa267035b518369d9511ffab804f839851d2779/pluggy-1.6.0.tar.gz", hash = "sha256:7dcc130b76258d33b90f61b658791dede3486c3e6bfb003ee5c9bfb396dd22f3", size = 69412, upload-time = "2025-05-15T12:30:07.975Z" }
wheels = [
    { url = "https://files.pythonhosted.org/packages/54/20/4d324d65cc6d9205fabedc306948156824eb9f0ee1633355a8f7ec5c66bf/pluggy-1.6.0-py3-none-any.whl", hash = "sha256:e920276dd6813095e9377c0bc5566d94c932c33b27a3e3945d8389c374dd4746", size = 20538, upload-time = "2025-05-15T12:30:06.134Z" },
]

[[package]]
name = "polars"
version = "1.30.0"
source = { registry = "https://pypi.org/simple" }
sdist = { url = "https://files.pythonhosted.org/packages/82/b6/8dbdf626c0705a57f052708c9fc0860ffc2aa97955930d5faaf6a66fcfd3/polars-1.30.0.tar.gz", hash = "sha256:dfe94ae84a5efd9ba74e616e3e125b24ca155494a931890a8f17480737c4db45", size = 4668318, upload-time = "2025-05-21T13:33:24.175Z" }
wheels = [
    { url = "https://files.pythonhosted.org/packages/40/48/e9b2cb379abcc9f7aff2e701098fcdb9fe6d85dc4ad4cec7b35d39c70951/polars-1.30.0-cp39-abi3-macosx_10_12_x86_64.whl", hash = "sha256:4c33bc97c29b7112f0e689a2f8a33143973a3ff466c70b25c7fd1880225de6dd", size = 35704342, upload-time = "2025-05-21T13:32:22.996Z" },
    { url = "https://files.pythonhosted.org/packages/36/ca/f545f61282f75eea4dfde4db2944963dcd59abd50c20e33a1c894da44dad/polars-1.30.0-cp39-abi3-macosx_11_0_arm64.whl", hash = "sha256:e3d05914c364b8e39a5b10dcf97e84d76e516b3b1693880bf189a93aab3ca00d", size = 32459857, upload-time = "2025-05-21T13:32:27.728Z" },
    { url = "https://files.pythonhosted.org/packages/76/20/e018cd87d7cb6f8684355f31f4e193222455a6e8f7b942f4a2934f5969c7/polars-1.30.0-cp39-abi3-manylinux_2_17_x86_64.manylinux2014_x86_64.whl", hash = "sha256:1a52af3862082b868c1febeae650af8ae8a2105d2cb28f0449179a7b44f54ccf", size = 36267243, upload-time = "2025-05-21T13:32:31.796Z" },
    { url = "https://files.pythonhosted.org/packages/cb/e7/b88b973021be07b13d91b9301cc14392c994225ef5107a32a8ffd3fd6424/polars-1.30.0-cp39-abi3-manylinux_2_24_aarch64.whl", hash = "sha256:ffb3ef133454275d4254442257c5f71dd6e393ce365c97997dadeb6fa9d6d4b5", size = 33416871, upload-time = "2025-05-21T13:32:35.077Z" },
    { url = "https://files.pythonhosted.org/packages/dd/7c/d46d4381adeac537b8520b653dc30cb8b7edbf59883d71fbb989e9005de1/polars-1.30.0-cp39-abi3-win_amd64.whl", hash = "sha256:c26b633a9bd530c5fc09d317fca3bb3e16c772bd7df7549a9d8ec1934773cc5d", size = 36363630, upload-time = "2025-05-21T13:32:38.286Z" },
    { url = "https://files.pythonhosted.org/packages/fb/b5/5056d0c12aadb57390d0627492bef8b1abf3549474abb9ae0fd4e2bfa885/polars-1.30.0-cp39-abi3-win_arm64.whl", hash = "sha256:476f1bde65bc7b4d9f80af370645c2981b5798d67c151055e58534e89e96f2a8", size = 32643590, upload-time = "2025-05-21T13:32:42.107Z" },
]

[[package]]
name = "pygments"
version = "2.19.1"
source = { registry = "https://pypi.org/simple" }
sdist = { url = "https://files.pythonhosted.org/packages/7c/2d/c3338d48ea6cc0feb8446d8e6937e1408088a72a39937982cc6111d17f84/pygments-2.19.1.tar.gz", hash = "sha256:61c16d2a8576dc0649d9f39e089b5f02bcd27fba10d8fb4dcc28173f7a45151f", size = 4968581, upload-time = "2025-01-06T17:26:30.443Z" }
wheels = [
    { url = "https://files.pythonhosted.org/packages/8a/0b/9fcc47d19c48b59121088dd6da2488a49d5f72dacf8262e2790a1d2c7d15/pygments-2.19.1-py3-none-any.whl", hash = "sha256:9ea1544ad55cecf4b8242fab6dd35a93bbce657034b0611ee383099054ab6d8c", size = 1225293, upload-time = "2025-01-06T17:26:25.553Z" },
]

[[package]]
name = "pytest"
version = "8.4.0"
source = { registry = "https://pypi.org/simple" }
dependencies = [
    { name = "colorama", marker = "sys_platform == 'win32'" },
    { name = "iniconfig" },
    { name = "packaging" },
    { name = "pluggy" },
    { name = "pygments" },
]
sdist = { url = "https://files.pythonhosted.org/packages/fb/aa/405082ce2749be5398045152251ac69c0f3578c7077efc53431303af97ce/pytest-8.4.0.tar.gz", hash = "sha256:14d920b48472ea0dbf68e45b96cd1ffda4705f33307dcc86c676c1b5104838a6", size = 1515232, upload-time = "2025-06-02T17:36:30.03Z" }
wheels = [
    { url = "https://files.pythonhosted.org/packages/2f/de/afa024cbe022b1b318a3d224125aa24939e99b4ff6f22e0ba639a2eaee47/pytest-8.4.0-py3-none-any.whl", hash = "sha256:f40f825768ad76c0977cbacdf1fd37c6f7a468e460ea6a0636078f8972d4517e", size = 363797, upload-time = "2025-06-02T17:36:27.859Z" },
]

[[package]]
name = "scipy"
version = "1.15.3"
source = { registry = "https://pypi.org/simple" }
dependencies = [
    { name = "numpy" },
]
sdist = { url = "https://files.pythonhosted.org/packages/0f/37/6964b830433e654ec7485e45a00fc9a27cf868d622838f6b6d9c5ec0d532/scipy-1.15.3.tar.gz", hash = "sha256:eae3cf522bc7df64b42cad3925c876e1b0b6c35c1337c93e12c0f366f55b0eaf", size = 59419214, upload-time = "2025-05-08T16:13:05.955Z" }
wheels = [
    { url = "https://files.pythonhosted.org/packages/37/4b/683aa044c4162e10ed7a7ea30527f2cbd92e6999c10a8ed8edb253836e9c/scipy-1.15.3-cp312-cp312-macosx_10_13_x86_64.whl", hash = "sha256:6ac6310fdbfb7aa6612408bd2f07295bcbd3fda00d2d702178434751fe48e019", size = 38766735, upload-time = "2025-05-08T16:06:06.471Z" },
    { url = "https://files.pythonhosted.org/packages/7b/7e/f30be3d03de07f25dc0ec926d1681fed5c732d759ac8f51079708c79e680/scipy-1.15.3-cp312-cp312-macosx_12_0_arm64.whl", hash = "sha256:185cd3d6d05ca4b44a8f1595af87f9c372bb6acf9c808e99aa3e9aa03bd98cf6", size = 30173284, upload-time = "2025-05-08T16:06:11.686Z" },
    { url = "https://files.pythonhosted.org/packages/07/9c/0ddb0d0abdabe0d181c1793db51f02cd59e4901da6f9f7848e1f96759f0d/scipy-1.15.3-cp312-cp312-macosx_14_0_arm64.whl", hash = "sha256:05dc6abcd105e1a29f95eada46d4a3f251743cfd7d3ae8ddb4088047f24ea477", size = 22446958, upload-time = "2025-05-08T16:06:15.97Z" },
    { url = "https://files.pythonhosted.org/packages/af/43/0bce905a965f36c58ff80d8bea33f1f9351b05fad4beaad4eae34699b7a1/scipy-1.15.3-cp312-cp312-macosx_14_0_x86_64.whl", hash = "sha256:06efcba926324df1696931a57a176c80848ccd67ce6ad020c810736bfd58eb1c", size = 25242454, upload-time = "2025-05-08T16:06:20.394Z" },
    { url = "https://files.pythonhosted.org/packages/56/30/a6f08f84ee5b7b28b4c597aca4cbe545535c39fe911845a96414700b64ba/scipy-1.15.3-cp312-cp312-manylinux_2_17_aarch64.manylinux2014_aarch64.whl", hash = "sha256:c05045d8b9bfd807ee1b9f38761993297b10b245f012b11b13b91ba8945f7e45", size = 35210199, upload-time = "2025-05-08T16:06:26.159Z" },
    { url = "https://files.pythonhosted.org/packages/0b/1f/03f52c282437a168ee2c7c14a1a0d0781a9a4a8962d84ac05c06b4c5b555/scipy-1.15.3-cp312-cp312-manylinux_2_17_x86_64.manylinux2014_x86_64.whl", hash = "sha256:271e3713e645149ea5ea3e97b57fdab61ce61333f97cfae392c28ba786f9bb49", size = 37309455, upload-time = "2025-05-08T16:06:32.778Z" },
    { url = "https://files.pythonhosted.org/packages/89/b1/fbb53137f42c4bf630b1ffdfc2151a62d1d1b903b249f030d2b1c0280af8/scipy-1.15.3-cp312-cp312-musllinux_1_2_aarch64.whl", hash = "sha256:6cfd56fc1a8e53f6e89ba3a7a7251f7396412d655bca2aa5611c8ec9a6784a1e", size = 36885140, upload-time = "2025-05-08T16:06:39.249Z" },
    { url = "https://files.pythonhosted.org/packages/2e/2e/025e39e339f5090df1ff266d021892694dbb7e63568edcfe43f892fa381d/scipy-1.15.3-cp312-cp312-musllinux_1_2_x86_64.whl", hash = "sha256:0ff17c0bb1cb32952c09217d8d1eed9b53d1463e5f1dd6052c7857f83127d539", size = 39710549, upload-time = "2025-05-08T16:06:45.729Z" },
    { url = "https://files.pythonhosted.org/packages/e6/eb/3bf6ea8ab7f1503dca3a10df2e4b9c3f6b3316df07f6c0ded94b281c7101/scipy-1.15.3-cp312-cp312-win_amd64.whl", hash = "sha256:52092bc0472cfd17df49ff17e70624345efece4e1a12b23783a1ac59a1b728ed", size = 40966184, upload-time = "2025-05-08T16:06:52.623Z" },
    { url = "https://files.pythonhosted.org/packages/73/18/ec27848c9baae6e0d6573eda6e01a602e5649ee72c27c3a8aad673ebecfd/scipy-1.15.3-cp313-cp313-macosx_10_13_x86_64.whl", hash = "sha256:2c620736bcc334782e24d173c0fdbb7590a0a436d2fdf39310a8902505008759", size = 38728256, upload-time = "2025-05-08T16:06:58.696Z" },
    { url = "https://files.pythonhosted.org/packages/74/cd/1aef2184948728b4b6e21267d53b3339762c285a46a274ebb7863c9e4742/scipy-1.15.3-cp313-cp313-macosx_12_0_arm64.whl", hash = "sha256:7e11270a000969409d37ed399585ee530b9ef6aa99d50c019de4cb01e8e54e62", size = 30109540, upload-time = "2025-05-08T16:07:04.209Z" },
    { url = "https://files.pythonhosted.org/packages/5b/d8/59e452c0a255ec352bd0a833537a3bc1bfb679944c4938ab375b0a6b3a3e/scipy-1.15.3-cp313-cp313-macosx_14_0_arm64.whl", hash = "sha256:8c9ed3ba2c8a2ce098163a9bdb26f891746d02136995df25227a20e71c396ebb", size = 22383115, upload-time = "2025-05-08T16:07:08.998Z" },
    { url = "https://files.pythonhosted.org/packages/08/f5/456f56bbbfccf696263b47095291040655e3cbaf05d063bdc7c7517f32ac/scipy-1.15.3-cp313-cp313-macosx_14_0_x86_64.whl", hash = "sha256:0bdd905264c0c9cfa74a4772cdb2070171790381a5c4d312c973382fc6eaf730", size = 25163884, upload-time = "2025-05-08T16:07:14.091Z" },
    { url = "https://files.pythonhosted.org/packages/a2/66/a9618b6a435a0f0c0b8a6d0a2efb32d4ec5a85f023c2b79d39512040355b/scipy-1.15.3-cp313-cp313-manylinux_2_17_aarch64.manylinux2014_aarch64.whl", hash = "sha256:79167bba085c31f38603e11a267d862957cbb3ce018d8b38f79ac043bc92d825", size = 35174018, upload-time = "2025-05-08T16:07:19.427Z" },
    { url = "https://files.pythonhosted.org/packages/b5/09/c5b6734a50ad4882432b6bb7c02baf757f5b2f256041da5df242e2d7e6b6/scipy-1.15.3-cp313-cp313-manylinux_2_17_x86_64.manylinux2014_x86_64.whl", hash = "sha256:c9deabd6d547aee2c9a81dee6cc96c6d7e9a9b1953f74850c179f91fdc729cb7", size = 37269716, upload-time = "2025-05-08T16:07:25.712Z" },
    { url = "https://files.pythonhosted.org/packages/77/0a/eac00ff741f23bcabd352731ed9b8995a0a60ef57f5fd788d611d43d69a1/scipy-1.15.3-cp313-cp313-musllinux_1_2_aarch64.whl", hash = "sha256:dde4fc32993071ac0c7dd2d82569e544f0bdaff66269cb475e0f369adad13f11", size = 36872342, upload-time = "2025-05-08T16:07:31.468Z" },
    { url = "https://files.pythonhosted.org/packages/fe/54/4379be86dd74b6ad81551689107360d9a3e18f24d20767a2d5b9253a3f0a/scipy-1.15.3-cp313-cp313-musllinux_1_2_x86_64.whl", hash = "sha256:f77f853d584e72e874d87357ad70f44b437331507d1c311457bed8ed2b956126", size = 39670869, upload-time = "2025-05-08T16:07:38.002Z" },
    { url = "https://files.pythonhosted.org/packages/87/2e/892ad2862ba54f084ffe8cc4a22667eaf9c2bcec6d2bff1d15713c6c0703/scipy-1.15.3-cp313-cp313-win_amd64.whl", hash = "sha256:b90ab29d0c37ec9bf55424c064312930ca5f4bde15ee8619ee44e69319aab163", size = 40988851, upload-time = "2025-05-08T16:08:33.671Z" },
    { url = "https://files.pythonhosted.org/packages/1b/e9/7a879c137f7e55b30d75d90ce3eb468197646bc7b443ac036ae3fe109055/scipy-1.15.3-cp313-cp313t-macosx_10_13_x86_64.whl", hash = "sha256:3ac07623267feb3ae308487c260ac684b32ea35fd81e12845039952f558047b8", size = 38863011, upload-time = "2025-05-08T16:07:44.039Z" },
    { url = "https://files.pythonhosted.org/packages/51/d1/226a806bbd69f62ce5ef5f3ffadc35286e9fbc802f606a07eb83bf2359de/scipy-1.15.3-cp313-cp313t-macosx_12_0_arm64.whl", hash = "sha256:6487aa99c2a3d509a5227d9a5e889ff05830a06b2ce08ec30df6d79db5fcd5c5", size = 30266407, upload-time = "2025-05-08T16:07:49.891Z" },
    { url = "https://files.pythonhosted.org/packages/e5/9b/f32d1d6093ab9eeabbd839b0f7619c62e46cc4b7b6dbf05b6e615bbd4400/scipy-1.15.3-cp313-cp313t-macosx_14_0_arm64.whl", hash = "sha256:50f9e62461c95d933d5c5ef4a1f2ebf9a2b4e83b0db374cb3f1de104d935922e", size = 22540030, upload-time = "2025-05-08T16:07:54.121Z" },
    { url = "https://files.pythonhosted.org/packages/e7/29/c278f699b095c1a884f29fda126340fcc201461ee8bfea5c8bdb1c7c958b/scipy-1.15.3-cp313-cp313t-macosx_14_0_x86_64.whl", hash = "sha256:14ed70039d182f411ffc74789a16df3835e05dc469b898233a245cdfd7f162cb", size = 25218709, upload-time = "2025-05-08T16:07:58.506Z" },
    { url = "https://files.pythonhosted.org/packages/24/18/9e5374b617aba742a990581373cd6b68a2945d65cc588482749ef2e64467/scipy-1.15.3-cp313-cp313t-manylinux_2_17_aarch64.manylinux2014_aarch64.whl", hash = "sha256:0a769105537aa07a69468a0eefcd121be52006db61cdd8cac8a0e68980bbb723", size = 34809045, upload-time = "2025-05-08T16:08:03.929Z" },
    { url = "https://files.pythonhosted.org/packages/e1/fe/9c4361e7ba2927074360856db6135ef4904d505e9b3afbbcb073c4008328/scipy-1.15.3-cp313-cp313t-manylinux_2_17_x86_64.manylinux2014_x86_64.whl", hash = "sha256:9db984639887e3dffb3928d118145ffe40eff2fa40cb241a306ec57c219ebbbb", size = 36703062, upload-time = "2025-05-08T16:08:09.558Z" },
    { url = "https://files.pythonhosted.org/packages/b7/8e/038ccfe29d272b30086b25a4960f757f97122cb2ec42e62b460d02fe98e9/scipy-1.15.3-cp313-cp313t-musllinux_1_2_aarch64.whl", hash = "sha256:40e54d5c7e7ebf1aa596c374c49fa3135f04648a0caabcb66c52884b943f02b4", size = 36393132, upload-time = "2025-05-08T16:08:15.34Z" },
    { url = "https://files.pythonhosted.org/packages/10/7e/5c12285452970be5bdbe8352c619250b97ebf7917d7a9a9e96b8a8140f17/scipy-1.15.3-cp313-cp313t-musllinux_1_2_x86_64.whl", hash = "sha256:5e721fed53187e71d0ccf382b6bf977644c533e506c4d33c3fb24de89f5c3ed5", size = 38979503, upload-time = "2025-05-08T16:08:21.513Z" },
    { url = "https://files.pythonhosted.org/packages/81/06/0a5e5349474e1cbc5757975b21bd4fad0e72ebf138c5592f191646154e06/scipy-1.15.3-cp313-cp313t-win_amd64.whl", hash = "sha256:76ad1fb5f8752eabf0fa02e4cc0336b4e8f021e2d5f061ed37d6d264db35e3ca", size = 40308097, upload-time = "2025-05-08T16:08:27.627Z" },
]

[[package]]
name = "tabsmc"
version = "0.1.0"
source = { virtual = "." }
dependencies = [
    { name = "jax", extra = ["cuda12"] },
    { name = "jaxlib" },
    { name = "jaxtyping" },
    { name = "numpy" },
    { name = "polars" },
    { name = "pytest" },
]

[package.metadata]
requires-dist = [
    { name = "jax", extras = ["cuda12"], specifier = "==0.4.24" },
    { name = "jaxlib", specifier = "==0.4.24" },
    { name = "jaxtyping", specifier = ">=0.2.0" },
    { name = "numpy", specifier = ">=1.24.0,<2" },
    { name = "polars", specifier = ">=0.19.0" },
    { name = "pytest", specifier = ">=8.4.0" },
]

[[package]]
name = "wadler-lindig"
version = "0.1.6"
source = { registry = "https://pypi.org/simple" }
sdist = { url = "https://files.pythonhosted.org/packages/4d/c8/e2112ecb627e01c9e2911f9b388167231c23a114946946d046f4e9535118/wadler_lindig-0.1.6.tar.gz", hash = "sha256:8b6adad9718291a7d82fb088a596b93659ce2346321ca76819810affbc66102b", size = 15812, upload-time = "2025-05-14T22:26:16.012Z" }
wheels = [
    { url = "https://files.pythonhosted.org/packages/d1/9a/937038f3efc70871fb26b0ee6148efcfcfb96643c517c2aaddd7ed07ad76/wadler_lindig-0.1.6-py3-none-any.whl", hash = "sha256:d707f63994c7d3e1e125e7fb7e196f4adb6f80f4a11beb955c6da937754026a3", size = 20483, upload-time = "2025-05-14T22:26:14.574Z" },
]
